// !$*UTF8*$!
{
	archiveVersion = 1;
	classes = {
	};
	objectVersion = 46;
	objects = {

/* Begin PBXBuildFile section */
		1A48BEFA1CE1E3430088BC28 /* main.m in Sources */ = {isa = PBXBuildFile; fileRef = 1A48BEF91CE1E3430088BC28 /* main.m */; };
		1A48BEFD1CE1E3430088BC28 /* AppDelegate.m in Sources */ = {isa = PBXBuildFile; fileRef = 1A48BEFC1CE1E3430088BC28 /* AppDelegate.m */; };
		1A48BF001CE1E3430088BC28 /* ViewController.m in Sources */ = {isa = PBXBuildFile; fileRef = 1A48BEFF1CE1E3430088BC28 /* ViewController.m */; };
		1A48BF031CE1E3430088BC28 /* Main.storyboard in Resources */ = {isa = PBXBuildFile; fileRef = 1A48BF011CE1E3430088BC28 /* Main.storyboard */; };
		1A48BF051CE1E3440088BC28 /* Assets.xcassets in Resources */ = {isa = PBXBuildFile; fileRef = 1A48BF041CE1E3440088BC28 /* Assets.xcassets */; };
		1A48BF081CE1E3440088BC28 /* LaunchScreen.storyboard in Resources */ = {isa = PBXBuildFile; fileRef = 1A48BF061CE1E3440088BC28 /* LaunchScreen.storyboard */; };
		1A7AA5E91CE2E0090057331F /* VideoBuilder.m in Sources */ = {isa = PBXBuildFile; fileRef = 1A7AA5E81CE2E0090057331F /* VideoBuilder.m */; };
		1A7AA5EB1CE2E8510057331F /* img.png in Resources */ = {isa = PBXBuildFile; fileRef = 1A7AA5EA1CE2E8510057331F /* img.png */; };
		1A7AA5ED1CE30B360057331F /* audio.mp3 in Resources */ = {isa = PBXBuildFile; fileRef = 1A7AA5EC1CE30B360057331F /* audio.mp3 */; };
/* End PBXBuildFile section */

/* Begin PBXFileReference section */
		1A48BEF51CE1E3430088BC28 /* ImageToVideo.app */ = {isa = PBXFileReference; explicitFileType = wrapper.application; includeInIndex = 0; path = ImageToVideo.app; sourceTree = BUILT_PRODUCTS_DIR; };
		1A48BEF91CE1E3430088BC28 /* main.m */ = {isa = PBXFileReference; lastKnownFileType = sourcecode.c.objc; path = main.m; sourceTree = "<group>"; };
		1A48BEFB1CE1E3430088BC28 /* AppDelegate.h */ = {isa = PBXFileReference; lastKnownFileType = sourcecode.c.h; path = AppDelegate.h; sourceTree = "<group>"; };
		1A48BEFC1CE1E3430088BC28 /* AppDelegate.m */ = {isa = PBXFileReference; lastKnownFileType = sourcecode.c.objc; path = AppDelegate.m; sourceTree = "<group>"; };
		1A48BEFE1CE1E3430088BC28 /* ViewController.h */ = {isa = PBXFileReference; lastKnownFileType = sourcecode.c.h; path = ViewController.h; sourceTree = "<group>"; };
		1A48BEFF1CE1E3430088BC28 /* ViewController.m */ = {isa = PBXFileReference; lastKnownFileType = sourcecode.c.objc; path = ViewController.m; sourceTree = "<group>"; };
		1A48BF021CE1E3430088BC28 /* Base */ = {isa = PBXFileReference; lastKnownFileType = file.storyboard; name = Base; path = Base.lproj/Main.storyboard; sourceTree = "<group>"; };
		1A48BF041CE1E3440088BC28 /* Assets.xcassets */ = {isa = PBXFileReference; lastKnownFileType = folder.assetcatalog; path = Assets.xcassets; sourceTree = "<group>"; };
		1A48BF071CE1E3440088BC28 /* Base */ = {isa = PBXFileReference; lastKnownFileType = file.storyboard; name = Base; path = Base.lproj/LaunchScreen.storyboard; sourceTree = "<group>"; };
		1A48BF091CE1E3440088BC28 /* Info.plist */ = {isa = PBXFileReference; lastKnownFileType = text.plist.xml; path = Info.plist; sourceTree = "<group>"; };
		1A7AA5E71CE2E0090057331F /* VideoBuilder.h */ = {isa = PBXFileReference; fileEncoding = 4; lastKnownFileType = sourcecode.c.h; path = VideoBuilder.h; sourceTree = "<group>"; };
		1A7AA5E81CE2E0090057331F /* VideoBuilder.m */ = {isa = PBXFileReference; fileEncoding = 4; lastKnownFileType = sourcecode.c.objc; path = VideoBuilder.m; sourceTree = "<group>"; };
		1A7AA5EA1CE2E8510057331F /* img.png */ = {isa = PBXFileReference; lastKnownFileType = image.png; path = img.png; sourceTree = "<group>"; };
		1A7AA5EC1CE30B360057331F /* audio.mp3 */ = {isa = PBXFileReference; lastKnownFileType = audio.mp3; path = audio.mp3; sourceTree = "<group>"; };
/* End PBXFileReference section */

/* Begin PBXFrameworksBuildPhase section */
		1A48BEF21CE1E3430088BC28 /* Frameworks */ = {
			isa = PBXFrameworksBuildPhase;
			buildActionMask = 2147483647;
			files = (
			);
			runOnlyForDeploymentPostprocessing = 0;
		};
/* End PBXFrameworksBuildPhase section */

/* Begin PBXGroup section */
		1A48BEEC1CE1E3430088BC28 = {
			isa = PBXGroup;
			children = (
				1A48BEF71CE1E3430088BC28 /* ImageToVideo */,
				1A48BEF61CE1E3430088BC28 /* Products */,
			);
			sourceTree = "<group>";
		};
		1A48BEF61CE1E3430088BC28 /* Products */ = {
			isa = PBXGroup;
			children = (
				1A48BEF51CE1E3430088BC28 /* ImageToVideo.app */,
			);
			name = Products;
			sourceTree = "<group>";
		};
		1A48BEF71CE1E3430088BC28 /* ImageToVideo */ = {
			isa = PBXGroup;
			children = (
				1A48BEFB1CE1E3430088BC28 /* AppDelegate.h */,
				1A48BEFC1CE1E3430088BC28 /* AppDelegate.m */,
				1A48BEFE1CE1E3430088BC28 /* ViewController.h */,
				1A48BEFF1CE1E3430088BC28 /* ViewController.m */,
				1A7AA5E71CE2E0090057331F /* VideoBuilder.h */,
				1A7AA5E81CE2E0090057331F /* VideoBuilder.m */,
				1A48BF011CE1E3430088BC28 /* Main.storyboard */,
				1A48BF041CE1E3440088BC28 /* Assets.xcassets */,
				1A48BF061CE1E3440088BC28 /* LaunchScreen.storyboard */,
				1A48BF091CE1E3440088BC28 /* Info.plist */,
				1A7AA5EA1CE2E8510057331F /* img.png */,
				1A7AA5EC1CE30B360057331F /* audio.mp3 */,
				1A48BEF81CE1E3430088BC28 /* Supporting Files */,
			);
			path = ImageToVideo;
			sourceTree = "<group>";
		};
		1A48BEF81CE1E3430088BC28 /* Supporting Files */ = {
			isa = PBXGroup;
			children = (
				1A48BEF91CE1E3430088BC28 /* main.m */,
			);
			name = "Supporting Files";
			sourceTree = "<group>";
		};
/* End PBXGroup section */

/* Begin PBXNativeTarget section */
		1A48BEF41CE1E3430088BC28 /* ImageToVideo */ = {
			isa = PBXNativeTarget;
			buildConfigurationList = 1A48BF0C1CE1E3440088BC28 /* Build configuration list for PBXNativeTarget "ImageToVideo" */;
			buildPhases = (
				1A48BEF11CE1E3430088BC28 /* Sources */,
				1A48BEF21CE1E3430088BC28 /* Frameworks */,
				1A48BEF31CE1E3430088BC28 /* Resources */,
			);
			buildRules = (
			);
			dependencies = (
			);
			name = ImageToVideo;
			productName = ImageToVideo;
			productReference = 1A48BEF51CE1E3430088BC28 /* ImageToVideo.app */;
			productType = "com.apple.product-type.application";
		};
/* End PBXNativeTarget section */

/* Begin PBXProject section */
		1A48BEED1CE1E3430088BC28 /* Project object */ = {
			isa = PBXProject;
			attributes = {
				LastUpgradeCheck = 0730;
				ORGANIZATIONNAME = "Xu Menghua";
				TargetAttributes = {
					1A48BEF41CE1E3430088BC28 = {
						CreatedOnToolsVersion = 7.3.1;
						DevelopmentTeam = P38BZ2KVNT;
					};
				};
			};
			buildConfigurationList = 1A48BEF01CE1E3430088BC28 /* Build configuration list for PBXProject "ImageToVideo" */;
			compatibilityVersion = "Xcode 3.2";
			developmentRegion = English;
			hasScannedForEncodings = 0;
			knownRegions = (
				en,
				Base,
			);
			mainGroup = 1A48BEEC1CE1E3430088BC28;
			productRefGroup = 1A48BEF61CE1E3430088BC28 /* Products */;
			projectDirPath = "";
			projectRoot = "";
			targets = (
				1A48BEF41CE1E3430088BC28 /* ImageToVideo */,
			);
		};
/* End PBXProject section */

/* Begin PBXResourcesBuildPhase section */
		1A48BEF31CE1E3430088BC28 /* Resources */ = {
			isa = PBXResourcesBuildPhase;
			buildActionMask = 2147483647;
			files = (
				1A48BF081CE1E3440088BC28 /* LaunchScreen.storyboard in Resources */,
				1A48BF051CE1E3440088BC28 /* Assets.xcassets in Resources */,
				1A48BF031CE1E3430088BC28 /* Main.storyboard in Resources */,
				1A7AA5EB1CE2E8510057331F /* img.png in Resources */,
				1A7AA5ED1CE30B360057331F /* audio.mp3 in Resources */,
			);
			runOnlyForDeploymentPostprocessing = 0;
		};
/* End PBXResourcesBuildPhase section */

/* Begin PBXSourcesBuildPhase section */
		1A48BEF11CE1E3430088BC28 /* Sources */ = {
			isa = PBXSourcesBuildPhase;
			buildActionMask = 2147483647;
			files = (
				1A48BF001CE1E3430088BC28 /* ViewController.m in Sources */,
				1A48BEFD1CE1E3430088BC28 /* AppDelegate.m in Sources */,
				1A48BEFA1CE1E3430088BC28 /* main.m in Sources */,
				1A7AA5E91CE2E0090057331F /* VideoBuilder.m in Sources */,
			);
			runOnlyForDeploymentPostprocessing = 0;
		};
/* End PBXSourcesBuildPhase section */

/* Begin PBXVariantGroup section */
		1A48BF011CE1E3430088BC28 /* Main.storyboard */ = {
			isa = PBXVariantGroup;
			children = (
				1A48BF021CE1E3430088BC28 /* Base */,
			);
			name = Main.storyboard;
			sourceTree = "<group>";
		};
		1A48BF061CE1E3440088BC28 /* LaunchScreen.storyboard */ = {
			isa = PBXVariantGroup;
			children = (
				1A48BF071CE1E3440088BC28 /* Base */,
			);
			name = LaunchScreen.storyboard;
			sourceTree = "<group>";
		};
/* End PBXVariantGroup section */

/* Begin XCBuildConfiguration section */
		1A48BF0A1CE1E3440088BC28 /* Debug */ = {
			isa = XCBuildConfiguration;
			buildSettings = {
				ALWAYS_SEARCH_USER_PATHS = NO;
				CLANG_ANALYZER_NONNULL = YES;
				CLANG_CXX_LANGUAGE_STANDARD = "gnu++0x";
				CLANG_CXX_LIBRARY = "libc++";
				CLANG_ENABLE_MODULES = YES;
				CLANG_ENABLE_OBJC_ARC = YES;
				CLANG_WARN_BOOL_CONVERSION = YES;
				CLANG_WARN_CONSTANT_CONVERSION = YES;
				CLANG_WARN_DIRECT_OBJC_ISA_USAGE = YES_ERROR;
				CLANG_WARN_EMPTY_BODY = YES;
				CLANG_WARN_ENUM_CONVERSION = YES;
				CLANG_WARN_INT_CONVERSION = YES;
				CLANG_WARN_OBJC_ROOT_CLASS = YES_ERROR;
				CLANG_WARN_UNREACHABLE_CODE = YES;
				CLANG_WARN__DUPLICATE_METHOD_MATCH = YES;
				"CODE_SIGN_IDENTITY[sdk=iphoneos*]" = "iPhone Developer";
				COPY_PHASE_STRIP = NO;
				DEBUG_INFORMATION_FORMAT = dwarf;
				ENABLE_STRICT_OBJC_MSGSEND = YES;
				ENABLE_TESTABILITY = YES;
				GCC_C_LANGUAGE_STANDARD = gnu99;
				GCC_DYNAMIC_NO_PIC = NO;
				GCC_NO_COMMON_BLOCKS = YES;
				GCC_OPTIMIZATION_LEVEL = 0;
				GCC_PREPROCESSOR_DEFINITIONS = (
					"DEBUG=1",
					"$(inherited)",
				);
				GCC_WARN_64_TO_32_BIT_CONVERSION = YES;
				GCC_WARN_ABOUT_RETURN_TYPE = YES_ERROR;
				GCC_WARN_UNDECLARED_SELECTOR = YES;
				GCC_WARN_UNINITIALIZED_AUTOS = YES_AGGRESSIVE;
				GCC_WARN_UNUSED_FUNCTION = YES;
				GCC_WARN_UNUSED_VARIABLE = YES;
				IPHONEOS_DEPLOYMENT_TARGET = 9.3;
				MTL_ENABLE_DEBUG_INFO = YES;
				ONLY_ACTIVE_ARCH = YES;
				SDKROOT = iphoneos;
				TARGETED_DEVICE_FAMILY = "1,2";
			};
			name = Debug;
		};
		1A48BF0B1CE1E3440088BC28 /* Release */ = {
			isa = XCBuildConfiguration;
			buildSettings = {
				ALWAYS_SEARCH_USER_PATHS = NO;
				CLANG_ANALYZER_NONNULL = YES;
				CLANG_CXX_LANGUAGE_STANDARD = "gnu++0x";
				CLANG_CXX_LIBRARY = "libc++";
				CLANG_ENABLE_MODULES = YES;
				CLANG_ENABLE_OBJC_ARC = YES;
				CLANG_WARN_BOOL_CONVERSION = YES;
				CLANG_WARN_CONSTANT_CONVERSION = YES;
				CLANG_WARN_DIRECT_OBJC_ISA_USAGE = YES_ERROR;
				CLANG_WARN_EMPTY_BODY = YES;
				CLANG_WARN_ENUM_CONVERSION = YES;
				CLANG_WARN_INT_CONVERSION = YES;
				CLANG_WARN_OBJC_ROOT_CLASS = YES_ERROR;
				CLANG_WARN_UNREACHABLE_CODE = YES;
				CLANG_WARN__DUPLICATE_METHOD_MATCH = YES;
				"CODE_SIGN_IDENTITY[sdk=iphoneos*]" = "iPhone Developer";
				COPY_PHASE_STRIP = NO;
				DEBUG_INFORMATION_FORMAT = "dwarf-with-dsym";
				ENABLE_NS_ASSERTIONS = NO;
				ENABLE_STRICT_OBJC_MSGSEND = YES;
				GCC_C_LANGUAGE_STANDARD = gnu99;
				GCC_NO_COMMON_BLOCKS = YES;
				GCC_WARN_64_TO_32_BIT_CONVERSION = YES;
				GCC_WARN_ABOUT_RETURN_TYPE = YES_ERROR;
				GCC_WARN_UNDECLARED_SELECTOR = YES;
				GCC_WARN_UNINITIALIZED_AUTOS = YES_AGGRESSIVE;
				GCC_WARN_UNUSED_FUNCTION = YES;
				GCC_WARN_UNUSED_VARIABLE = YES;
				IPHONEOS_DEPLOYMENT_TARGET = 9.3;
				MTL_ENABLE_DEBUG_INFO = NO;
				SDKROOT = iphoneos;
				TARGETED_DEVICE_FAMILY = "1,2";
				VALIDATE_PRODUCT = YES;
			};
			name = Release;
		};
		1A48BF0D1CE1E3440088BC28 /* Debug */ = {
			isa = XCBuildConfiguration;
			buildSettings = {
				ASSETCATALOG_COMPILER_APPICON_NAME = AppIcon;
				INFOPLIST_FILE = ImageToVideo/Info.plist;
				LD_RUNPATH_SEARCH_PATHS = "$(inherited) @executable_path/Frameworks";
				PRODUCT_BUNDLE_IDENTIFIER = "Xu-Menghua.ImageToVideo";
				PRODUCT_NAME = "$(TARGET_NAME)";
			};
			name = Debug;
		};
		1A48BF0E1CE1E3440088BC28 /* Release */ = {
			isa = XCBuildConfiguration;
			buildSettings = {
				ASSETCATALOG_COMPILER_APPICON_NAME = AppIcon;
				INFOPLIST_FILE = ImageToVideo/Info.plist;
				LD_RUNPATH_SEARCH_PATHS = "$(inherited) @executable_path/Frameworks";
				PRODUCT_BUNDLE_IDENTIFIER = "Xu-Menghua.ImageToVideo";
				PRODUCT_NAME = "$(TARGET_NAME)";
			};
			name = Release;
		};
/* End XCBuildConfiguration section */

/* Begin XCConfigurationList section */
		1A48BEF01CE1E3430088BC28 /* Build configuration list for PBXProject "ImageToVideo" */ = {
			isa = XCConfigurationList;
			buildConfigurations = (
				1A48BF0A1CE1E3440088BC28 /* Debug */,
				1A48BF0B1CE1E3440088BC28 /* Release */,
			);
			defaultConfigurationIsVisible = 0;
			defaultConfigurationName = Release;
		};
		1A48BF0C1CE1E3440088BC28 /* Build configuration list for PBXNativeTarget "ImageToVideo" */ = {
			isa = XCConfigurationList;
			buildConfigurations = (
				1A48BF0D1CE1E3440088BC28 /* Debug */,
				1A48BF0E1CE1E3440088BC28 /* Release */,
			);
			defaultConfigurationIsVisible = 0;
			defaultConfigurationName = Release;
		};
/* End XCConfigurationList section */
	};
	rootObject = 1A48BEED1CE1E3430088BC28 /* Project object */;
}
